
Microsoft Visual Studio Solution File, Format Version 12.00
# Visual Studio Version 17
VisualStudioVersion = 17.3.32922.545
MinimumVisualStudioVersion = 10.0.40219.1
Project("{FAE04EC0-301F-11D3-BF4B-00C04F79EFBC}") = "Projekt2-2", "Projekt2-2.csproj", "{FBAE2A99-ADDA-401D-AC2F-859A8EE8F0D8}"
EndProject
Global
	GlobalSection(SolutionConfigurationPlatforms) = preSolution
		Debug|Any CPU = Debug|Any CPU
		Release|Any CPU = Release|Any CPU
	EndGlobalSection
	GlobalSection(ProjectConfigurationPlatforms) = postSolution
		{FBAE2A99-ADDA-401D-AC2F-859A8EE8F0D8}.Debug|Any CPU.ActiveCfg = Debug|Any CPU
		{FBAE2A99-ADDA-401D-AC2F-859A8EE8F0D8}.Debug|Any CPU.Build.0 = Debug|Any CPU
		{FBAE2A99-ADDA-401D-AC2F-859A8EE8F0D8}.Release|Any CPU.ActiveCfg = Release|Any CPU
		{FBAE2A99-ADDA-401D-AC2F-859A8EE8F0D8}.Release|Any CPU.Build.0 = Release|Any CPU
	EndGlobalSection
	GlobalSection(SolutionProperties) = preSolution
		HideSolutionNode = FALSE
	EndGlobalSection
	GlobalSection(ExtensibilityGlobals) = postSolution
		SolutionGuid = {5C5259BF-1669-4765-BA2C-E44A3BE23DF2}
	EndGlobalSection
EndGlobal
